
Microsoft Visual Studio Solution File, Format Version 12.00
# Visual Studio 15
VisualStudioVersion = 15.0.28010.2026
MinimumVisualStudioVersion = 10.0.40219.1
Project("{FAE04EC0-301F-11D3-BF4B-00C04F79EFBC}") = "CoraCorpCM.Web", "CoraCorpCM.Web\CoraCorpCM.Web.csproj", "{47937D0A-0681-43E4-B090-0EBB4DF4026A}"
EndProject
Global
	GlobalSection(SolutionConfigurationPlatforms) = preSolution
		Debug|Any CPU = Debug|Any CPU
		Release|Any CPU = Release|Any CPU
	EndGlobalSection
	GlobalSection(ProjectConfigurationPlatforms) = postSolution
		{47937D0A-0681-43E4-B090-0EBB4DF4026A}.Debug|Any CPU.ActiveCfg = Debug|Any CPU
		{47937D0A-0681-43E4-B090-0EBB4DF4026A}.Debug|Any CPU.Build.0 = Debug|Any CPU
		{47937D0A-0681-43E4-B090-0EBB4DF4026A}.Release|Any CPU.ActiveCfg = Release|Any CPU
		{47937D0A-0681-43E4-B090-0EBB4DF4026A}.Release|Any CPU.Build.0 = Release|Any CPU
	EndGlobalSection
	GlobalSection(SolutionProperties) = preSolution
		HideSolutionNode = FALSE
	EndGlobalSection
	GlobalSection(ExtensibilityGlobals) = postSolution
		SolutionGuid = {06D3BE1D-6D1D-4C3F-A2B4-580A264EC39F}
	EndGlobalSection
EndGlobal
