
Microsoft Visual Studio Solution File, Format Version 12.00
# Visual Studio 15
VisualStudioVersion = 15.0.27130.2036
MinimumVisualStudioVersion = 10.0.40219.1
Project("{9A19103F-16F7-4668-BE54-9A1E7A4F7556}") = "CoraCorpCM.Domain", "CoraCorpCM.Domain\CoraCorpCM.Domain.csproj", "{E761DBDD-031E-4ADF-8CAF-401A43E29A97}"
EndProject
Project("{9A19103F-16F7-4668-BE54-9A1E7A4F7556}") = "CoraCorpCM.Data", "CoraCorpCM.Data\CoraCorpCM.Data.csproj", "{15B7B207-77DC-4E03-B14D-1139FC44DE7D}"
EndProject
Project("{9A19103F-16F7-4668-BE54-9A1E7A4F7556}") = "CoraCorpCM.Web.Tests", "CoraCorpCM.Web.Tests\CoraCorpCM.Web.Tests.csproj", "{683CE7C0-9E29-4997-835D-A97254717C38}"
	ProjectSection(ProjectDependencies) = postProject
		{197C0B11-4CEA-4775-A056-DCEBC6502FCB} = {197C0B11-4CEA-4775-A056-DCEBC6502FCB}
	EndProjectSection
EndProject
Project("{9A19103F-16F7-4668-BE54-9A1E7A4F7556}") = "CoraCorpCM.Web", "CoraCorpCM.Web\CoraCorpCM.Web.csproj", "{F3EA2584-201A-4CDA-826B-888EB899A174}"
EndProject
Project("{9A19103F-16F7-4668-BE54-9A1E7A4F7556}") = "CoraCorpCM.Data.Tests", "CoraCorpCM.Data.Tests\CoraCorpCM.Data.Tests.csproj", "{262E53D0-E0B7-4805-943F-A4BCC3FDE2B1}"
EndProject
Project("{9A19103F-16F7-4668-BE54-9A1E7A4F7556}") = "CoraCorpCM.App", "CoraCorpCM.App\CoraCorpCM.App.csproj", "{F103A1A3-C0DE-45DC-A92C-02402A098351}"
EndProject
Project("{9A19103F-16F7-4668-BE54-9A1E7A4F7556}") = "CoraCorpCM.App.Tests", "CoraCorpCM.App.Tests\CoraCorpCM.App.Tests.csproj", "{197C0B11-4CEA-4775-A056-DCEBC6502FCB}"
EndProject
Project("{FAE04EC0-301F-11D3-BF4B-00C04F79EFBC}") = "CoraCorpCM.Common", "CoraCorpCM.Common\CoraCorpCM.Common.csproj", "{90EA4771-F59F-4EEE-A873-A010E37252EF}"
EndProject
Global
	GlobalSection(SolutionConfigurationPlatforms) = preSolution
		Debug|Any CPU = Debug|Any CPU
		Release|Any CPU = Release|Any CPU
	EndGlobalSection
	GlobalSection(ProjectConfigurationPlatforms) = postSolution
		{E761DBDD-031E-4ADF-8CAF-401A43E29A97}.Debug|Any CPU.ActiveCfg = Debug|Any CPU
		{E761DBDD-031E-4ADF-8CAF-401A43E29A97}.Debug|Any CPU.Build.0 = Debug|Any CPU
		{E761DBDD-031E-4ADF-8CAF-401A43E29A97}.Release|Any CPU.ActiveCfg = Release|Any CPU
		{E761DBDD-031E-4ADF-8CAF-401A43E29A97}.Release|Any CPU.Build.0 = Release|Any CPU
		{15B7B207-77DC-4E03-B14D-1139FC44DE7D}.Debug|Any CPU.ActiveCfg = Debug|Any CPU
		{15B7B207-77DC-4E03-B14D-1139FC44DE7D}.Debug|Any CPU.Build.0 = Debug|Any CPU
		{15B7B207-77DC-4E03-B14D-1139FC44DE7D}.Release|Any CPU.ActiveCfg = Release|Any CPU
		{15B7B207-77DC-4E03-B14D-1139FC44DE7D}.Release|Any CPU.Build.0 = Release|Any CPU
		{683CE7C0-9E29-4997-835D-A97254717C38}.Debug|Any CPU.ActiveCfg = Debug|Any CPU
		{683CE7C0-9E29-4997-835D-A97254717C38}.Debug|Any CPU.Build.0 = Debug|Any CPU
		{683CE7C0-9E29-4997-835D-A97254717C38}.Release|Any CPU.ActiveCfg = Release|Any CPU
		{683CE7C0-9E29-4997-835D-A97254717C38}.Release|Any CPU.Build.0 = Release|Any CPU
		{F3EA2584-201A-4CDA-826B-888EB899A174}.Debug|Any CPU.ActiveCfg = Debug|Any CPU
		{F3EA2584-201A-4CDA-826B-888EB899A174}.Debug|Any CPU.Build.0 = Debug|Any CPU
		{F3EA2584-201A-4CDA-826B-888EB899A174}.Release|Any CPU.ActiveCfg = Release|Any CPU
		{F3EA2584-201A-4CDA-826B-888EB899A174}.Release|Any CPU.Build.0 = Release|Any CPU
		{262E53D0-E0B7-4805-943F-A4BCC3FDE2B1}.Debug|Any CPU.ActiveCfg = Debug|Any CPU
		{262E53D0-E0B7-4805-943F-A4BCC3FDE2B1}.Debug|Any CPU.Build.0 = Debug|Any CPU
		{262E53D0-E0B7-4805-943F-A4BCC3FDE2B1}.Release|Any CPU.ActiveCfg = Release|Any CPU
		{262E53D0-E0B7-4805-943F-A4BCC3FDE2B1}.Release|Any CPU.Build.0 = Release|Any CPU
		{F103A1A3-C0DE-45DC-A92C-02402A098351}.Debug|Any CPU.ActiveCfg = Debug|Any CPU
		{F103A1A3-C0DE-45DC-A92C-02402A098351}.Debug|Any CPU.Build.0 = Debug|Any CPU
		{F103A1A3-C0DE-45DC-A92C-02402A098351}.Release|Any CPU.ActiveCfg = Release|Any CPU
		{F103A1A3-C0DE-45DC-A92C-02402A098351}.Release|Any CPU.Build.0 = Release|Any CPU
		{197C0B11-4CEA-4775-A056-DCEBC6502FCB}.Debug|Any CPU.ActiveCfg = Debug|Any CPU
		{197C0B11-4CEA-4775-A056-DCEBC6502FCB}.Debug|Any CPU.Build.0 = Debug|Any CPU
		{197C0B11-4CEA-4775-A056-DCEBC6502FCB}.Release|Any CPU.ActiveCfg = Release|Any CPU
		{197C0B11-4CEA-4775-A056-DCEBC6502FCB}.Release|Any CPU.Build.0 = Release|Any CPU
		{90EA4771-F59F-4EEE-A873-A010E37252EF}.Debug|Any CPU.ActiveCfg = Debug|Any CPU
		{90EA4771-F59F-4EEE-A873-A010E37252EF}.Debug|Any CPU.Build.0 = Debug|Any CPU
		{90EA4771-F59F-4EEE-A873-A010E37252EF}.Release|Any CPU.ActiveCfg = Release|Any CPU
		{90EA4771-F59F-4EEE-A873-A010E37252EF}.Release|Any CPU.Build.0 = Release|Any CPU
	EndGlobalSection
	GlobalSection(SolutionProperties) = preSolution
		HideSolutionNode = FALSE
	EndGlobalSection
	GlobalSection(ExtensibilityGlobals) = postSolution
		SolutionGuid = {4170EC35-DAB1-4EB2-A7BB-E91D0645121A}
	EndGlobalSection
EndGlobal
